
Microsoft Visual Studio Solution File, Format Version 12.00
# Visual Studio 15
VisualStudioVersion = 15.0.28307.1145
MinimumVisualStudioVersion = 10.0.40219.1
Project("{FAE04EC0-301F-11D3-BF4B-00C04F79EFBC}") = "ReadingRSS", "ReadingRSS\ReadingRSS.csproj", "{9D5BC387-FF14-4865-B73F-4A8EF10DA6EC}"
EndProject
Global
	GlobalSection(SolutionConfigurationPlatforms) = preSolution
		Debug|Any CPU = Debug|Any CPU
		Release|Any CPU = Release|Any CPU
	EndGlobalSection
	GlobalSection(ProjectConfigurationPlatforms) = postSolution
		{9D5BC387-FF14-4865-B73F-4A8EF10DA6EC}.Debug|Any CPU.ActiveCfg = Debug|Any CPU
		{9D5BC387-FF14-4865-B73F-4A8EF10DA6EC}.Debug|Any CPU.Build.0 = Debug|Any CPU
		{9D5BC387-FF14-4865-B73F-4A8EF10DA6EC}.Release|Any CPU.ActiveCfg = Release|Any CPU
		{9D5BC387-FF14-4865-B73F-4A8EF10DA6EC}.Release|Any CPU.Build.0 = Release|Any CPU
	EndGlobalSection
	GlobalSection(SolutionProperties) = preSolution
		HideSolutionNode = FALSE
	EndGlobalSection
	GlobalSection(ExtensibilityGlobals) = postSolution
		SolutionGuid = {2569BDFF-340B-4637-B645-0EB2BADCD9B2}
	EndGlobalSection
EndGlobal
